
Microsoft Visual Studio Solution File, Format Version 12.00
# Visual Studio 15
VisualStudioVersion = 15.0.28307.572
MinimumVisualStudioVersion = 10.0.40219.1
Project("{FAE04EC0-301F-11D3-BF4B-00C04F79EFBC}") = "JSON_Movie_Review", "JSON_Movie_Review\JSON_Movie_Review.csproj", "{A507AC36-FF5A-440E-A7E9-B14AB83034BD}"
EndProject
Project("{FAE04EC0-301F-11D3-BF4B-00C04F79EFBC}") = "MVC_Schedule_Review", "MVC_Schedule_Review\MVC_Schedule_Review.csproj", "{A4735A47-64D7-4940-8F12-6561031194A0}"
EndProject
Global
	GlobalSection(SolutionConfigurationPlatforms) = preSolution
		Debug|Any CPU = Debug|Any CPU
		Release|Any CPU = Release|Any CPU
	EndGlobalSection
	GlobalSection(ProjectConfigurationPlatforms) = postSolution
		{A507AC36-FF5A-440E-A7E9-B14AB83034BD}.Debug|Any CPU.ActiveCfg = Debug|Any CPU
		{A507AC36-FF5A-440E-A7E9-B14AB83034BD}.Debug|Any CPU.Build.0 = Debug|Any CPU
		{A507AC36-FF5A-440E-A7E9-B14AB83034BD}.Release|Any CPU.ActiveCfg = Release|Any CPU
		{A507AC36-FF5A-440E-A7E9-B14AB83034BD}.Release|Any CPU.Build.0 = Release|Any CPU
		{A4735A47-64D7-4940-8F12-6561031194A0}.Debug|Any CPU.ActiveCfg = Debug|Any CPU
		{A4735A47-64D7-4940-8F12-6561031194A0}.Debug|Any CPU.Build.0 = Debug|Any CPU
		{A4735A47-64D7-4940-8F12-6561031194A0}.Release|Any CPU.ActiveCfg = Release|Any CPU
		{A4735A47-64D7-4940-8F12-6561031194A0}.Release|Any CPU.Build.0 = Release|Any CPU
	EndGlobalSection
	GlobalSection(SolutionProperties) = preSolution
		HideSolutionNode = FALSE
	EndGlobalSection
	GlobalSection(ExtensibilityGlobals) = postSolution
		SolutionGuid = {D57FC359-5229-4598-909E-C271291C6E87}
	EndGlobalSection
EndGlobal
