
Microsoft Visual Studio Solution File, Format Version 12.00
# Visual Studio 15
VisualStudioVersion = 15.0.28307.271
MinimumVisualStudioVersion = 10.0.40219.1
Project("{FAE04EC0-301F-11D3-BF4B-00C04F79EFBC}") = "Review-ConditionalsLooopsCollections", "Review-ConditionalsLooopsCollections\Review-ConditionalsLooopsCollections.csproj", "{BBDBE777-B515-43D1-916F-DCA929ABCA39}"
EndProject
Project("{FAE04EC0-301F-11D3-BF4B-00C04F79EFBC}") = "Review-Methods", "Review-Methods\Review-Methods.csproj", "{DC51900C-0C60-493E-A83C-EC8F0F6E638C}"
EndProject
Project("{FAE04EC0-301F-11D3-BF4B-00C04F79EFBC}") = "Review-Classes", "Review-Classes\Review-Classes.csproj", "{8A1DC0B5-7A12-4636-BF79-F7CF58E766AE}"
EndProject
Project("{FAE04EC0-301F-11D3-BF4B-00C04F79EFBC}") = "Example-WPF1", "Example-WPF1\Example-WPF1.csproj", "{DB66C88E-CE6F-41A5-8953-488BD485032B}"
EndProject
Project("{FAE04EC0-301F-11D3-BF4B-00C04F79EFBC}") = "WPF-Student", "WPF-Student\WPF-Student.csproj", "{8BBABE07-05FF-4AB2-BE77-E84E446127E0}"
EndProject
Project("{FAE04EC0-301F-11D3-BF4B-00C04F79EFBC}") = "WPF - Files", "WPF - Files\WPF - Files.csproj", "{06FFAB70-0ABF-47C0-AAF8-86AEDF306FED}"
EndProject
Global
	GlobalSection(SolutionConfigurationPlatforms) = preSolution
		Debug|Any CPU = Debug|Any CPU
		Release|Any CPU = Release|Any CPU
	EndGlobalSection
	GlobalSection(ProjectConfigurationPlatforms) = postSolution
		{BBDBE777-B515-43D1-916F-DCA929ABCA39}.Debug|Any CPU.ActiveCfg = Debug|Any CPU
		{BBDBE777-B515-43D1-916F-DCA929ABCA39}.Debug|Any CPU.Build.0 = Debug|Any CPU
		{BBDBE777-B515-43D1-916F-DCA929ABCA39}.Release|Any CPU.ActiveCfg = Release|Any CPU
		{BBDBE777-B515-43D1-916F-DCA929ABCA39}.Release|Any CPU.Build.0 = Release|Any CPU
		{DC51900C-0C60-493E-A83C-EC8F0F6E638C}.Debug|Any CPU.ActiveCfg = Debug|Any CPU
		{DC51900C-0C60-493E-A83C-EC8F0F6E638C}.Debug|Any CPU.Build.0 = Debug|Any CPU
		{DC51900C-0C60-493E-A83C-EC8F0F6E638C}.Release|Any CPU.ActiveCfg = Release|Any CPU
		{DC51900C-0C60-493E-A83C-EC8F0F6E638C}.Release|Any CPU.Build.0 = Release|Any CPU
		{8A1DC0B5-7A12-4636-BF79-F7CF58E766AE}.Debug|Any CPU.ActiveCfg = Debug|Any CPU
		{8A1DC0B5-7A12-4636-BF79-F7CF58E766AE}.Debug|Any CPU.Build.0 = Debug|Any CPU
		{8A1DC0B5-7A12-4636-BF79-F7CF58E766AE}.Release|Any CPU.ActiveCfg = Release|Any CPU
		{8A1DC0B5-7A12-4636-BF79-F7CF58E766AE}.Release|Any CPU.Build.0 = Release|Any CPU
		{DB66C88E-CE6F-41A5-8953-488BD485032B}.Debug|Any CPU.ActiveCfg = Debug|Any CPU
		{DB66C88E-CE6F-41A5-8953-488BD485032B}.Debug|Any CPU.Build.0 = Debug|Any CPU
		{DB66C88E-CE6F-41A5-8953-488BD485032B}.Release|Any CPU.ActiveCfg = Release|Any CPU
		{DB66C88E-CE6F-41A5-8953-488BD485032B}.Release|Any CPU.Build.0 = Release|Any CPU
		{8BBABE07-05FF-4AB2-BE77-E84E446127E0}.Debug|Any CPU.ActiveCfg = Debug|Any CPU
		{8BBABE07-05FF-4AB2-BE77-E84E446127E0}.Debug|Any CPU.Build.0 = Debug|Any CPU
		{8BBABE07-05FF-4AB2-BE77-E84E446127E0}.Release|Any CPU.ActiveCfg = Release|Any CPU
		{8BBABE07-05FF-4AB2-BE77-E84E446127E0}.Release|Any CPU.Build.0 = Release|Any CPU
		{06FFAB70-0ABF-47C0-AAF8-86AEDF306FED}.Debug|Any CPU.ActiveCfg = Debug|Any CPU
		{06FFAB70-0ABF-47C0-AAF8-86AEDF306FED}.Debug|Any CPU.Build.0 = Debug|Any CPU
		{06FFAB70-0ABF-47C0-AAF8-86AEDF306FED}.Release|Any CPU.ActiveCfg = Release|Any CPU
		{06FFAB70-0ABF-47C0-AAF8-86AEDF306FED}.Release|Any CPU.Build.0 = Release|Any CPU
	EndGlobalSection
	GlobalSection(SolutionProperties) = preSolution
		HideSolutionNode = FALSE
	EndGlobalSection
	GlobalSection(ExtensibilityGlobals) = postSolution
		SolutionGuid = {19EC8ABC-57B9-4D9E-898A-6EBCAE98FC68}
	EndGlobalSection
EndGlobal
